
Microsoft Visual Studio Solution File, Format Version 12.00
# Visual Studio Version 16
VisualStudioVersion = 16.0.29911.84
MinimumVisualStudioVersion = 10.0.40219.1
Project("{FAE04EC0-301F-11D3-BF4B-00C04F79EFBC}") = "AnAnForZ", "AnAnForZ\AnAnForZ.csproj", "{DD28D76A-A923-4B81-98D4-E434A42B0C77}"
EndProject
Global
	GlobalSection(SolutionConfigurationPlatforms) = preSolution
		Debug|Any CPU = Debug|Any CPU
		Release|Any CPU = Release|Any CPU
	EndGlobalSection
	GlobalSection(ProjectConfigurationPlatforms) = postSolution
		{DD28D76A-A923-4B81-98D4-E434A42B0C77}.Debug|Any CPU.ActiveCfg = Debug|Any CPU
		{DD28D76A-A923-4B81-98D4-E434A42B0C77}.Debug|Any CPU.Build.0 = Debug|Any CPU
		{DD28D76A-A923-4B81-98D4-E434A42B0C77}.Release|Any CPU.ActiveCfg = Release|Any CPU
		{DD28D76A-A923-4B81-98D4-E434A42B0C77}.Release|Any CPU.Build.0 = Release|Any CPU
	EndGlobalSection
	GlobalSection(SolutionProperties) = preSolution
		HideSolutionNode = FALSE
	EndGlobalSection
	GlobalSection(ExtensibilityGlobals) = postSolution
		SolutionGuid = {0C21265E-C575-479D-9267-FF361EFD09FA}
	EndGlobalSection
EndGlobal
